// !$*UTF8*$!
{
	archiveVersion = 1;
	classes = {
	};
	objectVersion = 56;
	objects = {

/* Begin PBXBuildFile section */
		010A44E92A69ABAB00C8F5B3 /* main.cpp in Sources */ = {isa = PBXBuildFile; fileRef = 010A44E82A69ABAB00C8F5B3 /* main.cpp */; };
		010A44F12A69ABC300C8F5B3 /* roster.cpp in Sources */ = {isa = PBXBuildFile; fileRef = 010A44EF2A69ABC300C8F5B3 /* roster.cpp */; };
		010A44F42A69ABDB00C8F5B3 /* student.cpp in Sources */ = {isa = PBXBuildFile; fileRef = 010A44F22A69ABDB00C8F5B3 /* student.cpp */; };
/* End PBXBuildFile section */

/* Begin PBXCopyFilesBuildPhase section */
		010A44E32A69ABAB00C8F5B3 /* CopyFiles */ = {
			isa = PBXCopyFilesBuildPhase;
			buildActionMask = 2147483647;
			dstPath = /usr/share/man/man1/;
			dstSubfolderSpec = 0;
			files = (
			);
			runOnlyForDeploymentPostprocessing = 1;
		};
/* End PBXCopyFilesBuildPhase section */

/* Begin PBXFileReference section */
		010A44E52A69ABAB00C8F5B3 /* c867 */ = {isa = PBXFileReference; explicitFileType = "compiled.mach-o.executable"; includeInIndex = 0; path = c867; sourceTree = BUILT_PRODUCTS_DIR; };
		010A44E82A69ABAB00C8F5B3 /* main.cpp */ = {isa = PBXFileReference; lastKnownFileType = sourcecode.cpp.cpp; path = main.cpp; sourceTree = "<group>"; };
		010A44EF2A69ABC300C8F5B3 /* roster.cpp */ = {isa = PBXFileReference; lastKnownFileType = sourcecode.cpp.cpp; path = roster.cpp; sourceTree = "<group>"; };
		010A44F02A69ABC300C8F5B3 /* roster.hpp */ = {isa = PBXFileReference; lastKnownFileType = sourcecode.cpp.h; path = roster.hpp; sourceTree = "<group>"; };
		010A44F22A69ABDB00C8F5B3 /* student.cpp */ = {isa = PBXFileReference; lastKnownFileType = sourcecode.cpp.cpp; path = student.cpp; sourceTree = "<group>"; };
		010A44F32A69ABDB00C8F5B3 /* student.hpp */ = {isa = PBXFileReference; lastKnownFileType = sourcecode.cpp.h; path = student.hpp; sourceTree = "<group>"; };
		010A44F62A69ABFA00C8F5B3 /* degree.hpp */ = {isa = PBXFileReference; lastKnownFileType = sourcecode.cpp.h; path = degree.hpp; sourceTree = "<group>"; };
		01BBC70E2A6EE9FB0041ECB8 /* README.md */ = {isa = PBXFileReference; lastKnownFileType = net.daringfireball.markdown; path = README.md; sourceTree = "<group>"; };
/* End PBXFileReference section */

/* Begin PBXFrameworksBuildPhase section */
		010A44E22A69ABAB00C8F5B3 /* Frameworks */ = {
			isa = PBXFrameworksBuildPhase;
			buildActionMask = 2147483647;
			files = (
			);
			runOnlyForDeploymentPostprocessing = 0;
		};
/* End PBXFrameworksBuildPhase section */

/* Begin PBXGroup section */
		010A44DC2A69ABAB00C8F5B3 = {
			isa = PBXGroup;
			children = (
				010A44E72A69ABAB00C8F5B3 /* c867 */,
				010A44E62A69ABAB00C8F5B3 /* Products */,
			);
			sourceTree = "<group>";
		};
		010A44E62A69ABAB00C8F5B3 /* Products */ = {
			isa = PBXGroup;
			children = (
				010A44E52A69ABAB00C8F5B3 /* c867 */,
			);
			name = Products;
			sourceTree = "<group>";
		};
		010A44E72A69ABAB00C8F5B3 /* c867 */ = {
			isa = PBXGroup;
			children = (
				010A44E82A69ABAB00C8F5B3 /* main.cpp */,
				010A44EF2A69ABC300C8F5B3 /* roster.cpp */,
				010A44F02A69ABC300C8F5B3 /* roster.hpp */,
				010A44F22A69ABDB00C8F5B3 /* student.cpp */,
				010A44F32A69ABDB00C8F5B3 /* student.hpp */,
				010A44F62A69ABFA00C8F5B3 /* degree.hpp */,
				01BBC70E2A6EE9FB0041ECB8 /* README.md */,
			);
			path = c867;
			sourceTree = "<group>";
		};
/* End PBXGroup section */

/* Begin PBXNativeTarget section */
		010A44E42A69ABAB00C8F5B3 /* c867 */ = {
			isa = PBXNativeTarget;
			buildConfigurationList = 010A44EC2A69ABAB00C8F5B3 /* Build configuration list for PBXNativeTarget "c867" */;
			buildPhases = (
				010A44E12A69ABAB00C8F5B3 /* Sources */,
				010A44E22A69ABAB00C8F5B3 /* Frameworks */,
				010A44E32A69ABAB00C8F5B3 /* CopyFiles */,
			);
			buildRules = (
			);
			dependencies = (
			);
			name = c867;
			productName = c867;
			productReference = 010A44E52A69ABAB00C8F5B3 /* c867 */;
			productType = "com.apple.product-type.tool";
		};
/* End PBXNativeTarget section */

/* Begin PBXProject section */
		010A44DD2A69ABAB00C8F5B3 /* Project object */ = {
			isa = PBXProject;
			attributes = {
				BuildIndependentTargetsInParallel = 1;
				LastUpgradeCheck = 1430;
				TargetAttributes = {
					010A44E42A69ABAB00C8F5B3 = {
						CreatedOnToolsVersion = 14.3.1;
					};
				};
			};
			buildConfigurationList = 010A44E02A69ABAB00C8F5B3 /* Build configuration list for PBXProject "c867" */;
			compatibilityVersion = "Xcode 14.0";
			developmentRegion = en;
			hasScannedForEncodings = 0;
			knownRegions = (
				en,
				Base,
			);
			mainGroup = 010A44DC2A69ABAB00C8F5B3;
			productRefGroup = 010A44E62A69ABAB00C8F5B3 /* Products */;
			projectDirPath = "";
			projectRoot = "";
			targets = (
				010A44E42A69ABAB00C8F5B3 /* c867 */,
			);
		};
/* End PBXProject section */

/* Begin PBXSourcesBuildPhase section */
		010A44E12A69ABAB00C8F5B3 /* Sources */ = {
			isa = PBXSourcesBuildPhase;
			buildActionMask = 2147483647;
			files = (
				010A44F12A69ABC300C8F5B3 /* roster.cpp in Sources */,
				010A44F42A69ABDB00C8F5B3 /* student.cpp in Sources */,
				010A44E92A69ABAB00C8F5B3 /* main.cpp in Sources */,
			);
			runOnlyForDeploymentPostprocessing = 0;
		};
/* End PBXSourcesBuildPhase section */

/* Begin XCBuildConfiguration section */
		010A44EA2A69ABAB00C8F5B3 /* Debug */ = {
			isa = XCBuildConfiguration;
			buildSettings = {
				ALWAYS_SEARCH_USER_PATHS = NO;
				CLANG_ANALYZER_NONNULL = YES;
				CLANG_ANALYZER_NUMBER_OBJECT_CONVERSION = YES_AGGRESSIVE;
				CLANG_CXX_LANGUAGE_STANDARD = "gnu++20";
				CLANG_ENABLE_MODULES = YES;
				CLANG_ENABLE_OBJC_ARC = YES;
				CLANG_ENABLE_OBJC_WEAK = YES;
				CLANG_WARN_BLOCK_CAPTURE_AUTORELEASING = YES;
				CLANG_WARN_BOOL_CONVERSION = YES;
				CLANG_WARN_COMMA = YES;
				CLANG_WARN_CONSTANT_CONVERSION = YES;
				CLANG_WARN_DEPRECATED_OBJC_IMPLEMENTATIONS = YES;
				CLANG_WARN_DIRECT_OBJC_ISA_USAGE = YES_ERROR;
				CLANG_WARN_DOCUMENTATION_COMMENTS = YES;
				CLANG_WARN_EMPTY_BODY = YES;
				CLANG_WARN_ENUM_CONVERSION = YES;
				CLANG_WARN_INFINITE_RECURSION = YES;
				CLANG_WARN_INT_CONVERSION = YES;
				CLANG_WARN_NON_LITERAL_NULL_CONVERSION = YES;
				CLANG_WARN_OBJC_IMPLICIT_RETAIN_SELF = YES;
				CLANG_WARN_OBJC_LITERAL_CONVERSION = YES;
				CLANG_WARN_OBJC_ROOT_CLASS = YES_ERROR;
				CLANG_WARN_QUOTED_INCLUDE_IN_FRAMEWORK_HEADER = YES;
				CLANG_WARN_RANGE_LOOP_ANALYSIS = YES;
				CLANG_WARN_STRICT_PROTOTYPES = YES;
				CLANG_WARN_SUSPICIOUS_MOVE = YES;
				CLANG_WARN_UNGUARDED_AVAILABILITY = YES_AGGRESSIVE;
				CLANG_WARN_UNREACHABLE_CODE = YES;
				CLANG_WARN__DUPLICATE_METHOD_MATCH = YES;
				COPY_PHASE_STRIP = NO;
				DEBUG_INFORMATION_FORMAT = dwarf;
				ENABLE_STRICT_OBJC_MSGSEND = YES;
				ENABLE_TESTABILITY = YES;
				GCC_C_LANGUAGE_STANDARD = gnu11;
				GCC_DYNAMIC_NO_PIC = NO;
				GCC_NO_COMMON_BLOCKS = YES;
				GCC_OPTIMIZATION_LEVEL = 0;
				GCC_PREPROCESSOR_DEFINITIONS = (
					"DEBUG=1",
					"$(inherited)",
				);
				GCC_WARN_64_TO_32_BIT_CONVERSION = YES;
				GCC_WARN_ABOUT_RETURN_TYPE = YES_ERROR;
				GCC_WARN_UNDECLARED_SELECTOR = YES;
				GCC_WARN_UNINITIALIZED_AUTOS = YES_AGGRESSIVE;
				GCC_WARN_UNUSED_FUNCTION = YES;
				GCC_WARN_UNUSED_VARIABLE = YES;
				MACOSX_DEPLOYMENT_TARGET = 13.1;
				MTL_ENABLE_DEBUG_INFO = INCLUDE_SOURCE;
				MTL_FAST_MATH = YES;
				ONLY_ACTIVE_ARCH = YES;
				SDKROOT = macosx;
			};
			name = Debug;
		};
		010A44EB2A69ABAB00C8F5B3 /* Release */ = {
			isa = XCBuildConfiguration;
			buildSettings = {
				ALWAYS_SEARCH_USER_PATHS = NO;
				CLANG_ANALYZER_NONNULL = YES;
				CLANG_ANALYZER_NUMBER_OBJECT_CONVERSION = YES_AGGRESSIVE;
				CLANG_CXX_LANGUAGE_STANDARD = "gnu++20";
				CLANG_ENABLE_MODULES = YES;
				CLANG_ENABLE_OBJC_ARC = YES;
				CLANG_ENABLE_OBJC_WEAK = YES;
				CLANG_WARN_BLOCK_CAPTURE_AUTORELEASING = YES;
				CLANG_WARN_BOOL_CONVERSION = YES;
				CLANG_WARN_COMMA = YES;
				CLANG_WARN_CONSTANT_CONVERSION = YES;
				CLANG_WARN_DEPRECATED_OBJC_IMPLEMENTATIONS = YES;
				CLANG_WARN_DIRECT_OBJC_ISA_USAGE = YES_ERROR;
				CLANG_WARN_DOCUMENTATION_COMMENTS = YES;
				CLANG_WARN_EMPTY_BODY = YES;
				CLANG_WARN_ENUM_CONVERSION = YES;
				CLANG_WARN_INFINITE_RECURSION = YES;
				CLANG_WARN_INT_CONVERSION = YES;
				CLANG_WARN_NON_LITERAL_NULL_CONVERSION = YES;
				CLANG_WARN_OBJC_IMPLICIT_RETAIN_SELF = YES;
				CLANG_WARN_OBJC_LITERAL_CONVERSION = YES;
				CLANG_WARN_OBJC_ROOT_CLASS = YES_ERROR;
				CLANG_WARN_QUOTED_INCLUDE_IN_FRAMEWORK_HEADER = YES;
				CLANG_WARN_RANGE_LOOP_ANALYSIS = YES;
				CLANG_WARN_STRICT_PROTOTYPES = YES;
				CLANG_WARN_SUSPICIOUS_MOVE = YES;
				CLANG_WARN_UNGUARDED_AVAILABILITY = YES_AGGRESSIVE;
				CLANG_WARN_UNREACHABLE_CODE = YES;
				CLANG_WARN__DUPLICATE_METHOD_MATCH = YES;
				COPY_PHASE_STRIP = NO;
				DEBUG_INFORMATION_FORMAT = "dwarf-with-dsym";
				ENABLE_NS_ASSERTIONS = NO;
				ENABLE_STRICT_OBJC_MSGSEND = YES;
				GCC_C_LANGUAGE_STANDARD = gnu11;
				GCC_NO_COMMON_BLOCKS = YES;
				GCC_WARN_64_TO_32_BIT_CONVERSION = YES;
				GCC_WARN_ABOUT_RETURN_TYPE = YES_ERROR;
				GCC_WARN_UNDECLARED_SELECTOR = YES;
				GCC_WARN_UNINITIALIZED_AUTOS = YES_AGGRESSIVE;
				GCC_WARN_UNUSED_FUNCTION = YES;
				GCC_WARN_UNUSED_VARIABLE = YES;
				MACOSX_DEPLOYMENT_TARGET = 13.1;
				MTL_ENABLE_DEBUG_INFO = NO;
				MTL_FAST_MATH = YES;
				SDKROOT = macosx;
			};
			name = Release;
		};
		010A44ED2A69ABAB00C8F5B3 /* Debug */ = {
			isa = XCBuildConfiguration;
			buildSettings = {
				CODE_SIGN_STYLE = Automatic;
				PRODUCT_NAME = "$(TARGET_NAME)";
			};
			name = Debug;
		};
		010A44EE2A69ABAB00C8F5B3 /* Release */ = {
			isa = XCBuildConfiguration;
			buildSettings = {
				CODE_SIGN_STYLE = Automatic;
				PRODUCT_NAME = "$(TARGET_NAME)";
			};
			name = Release;
		};
/* End XCBuildConfiguration section */

/* Begin XCConfigurationList section */
		010A44E02A69ABAB00C8F5B3 /* Build configuration list for PBXProject "c867" */ = {
			isa = XCConfigurationList;
			buildConfigurations = (
				010A44EA2A69ABAB00C8F5B3 /* Debug */,
				010A44EB2A69ABAB00C8F5B3 /* Release */,
			);
			defaultConfigurationIsVisible = 0;
			defaultConfigurationName = Release;
		};
		010A44EC2A69ABAB00C8F5B3 /* Build configuration list for PBXNativeTarget "c867" */ = {
			isa = XCConfigurationList;
			buildConfigurations = (
				010A44ED2A69ABAB00C8F5B3 /* Debug */,
				010A44EE2A69ABAB00C8F5B3 /* Release */,
			);
			defaultConfigurationIsVisible = 0;
			defaultConfigurationName = Release;
		};
/* End XCConfigurationList section */
	};
	rootObject = 010A44DD2A69ABAB00C8F5B3 /* Project object */;
}
